
Microsoft Visual Studio Solution File, Format Version 12.00
# Visual Studio Version 17
VisualStudioVersion = 17.6.33815.320
MinimumVisualStudioVersion = 10.0.40219.1
Project("{FAE04EC0-301F-11D3-BF4B-00C04F79EFBC}") = "xbd.DataConvertLib", "xbd.DataConvertLib\xbd.DataConvertLib.csproj", "{867237AD-51F4-4CA5-AD32-D68844CC9101}"
EndProject
Project("{FAE04EC0-301F-11D3-BF4B-00C04F79EFBC}") = "xbd.DataConvertPro", "xbd.DataConvertPro\xbd.DataConvertPro.csproj", "{8615556A-77E5-4A76-B54E-687EFEDFCCD7}"
EndProject
Global
	GlobalSection(SolutionConfigurationPlatforms) = preSolution
		Debug|Any CPU = Debug|Any CPU
		Release|Any CPU = Release|Any CPU
	EndGlobalSection
	GlobalSection(ProjectConfigurationPlatforms) = postSolution
		{867237AD-51F4-4CA5-AD32-D68844CC9101}.Debug|Any CPU.ActiveCfg = Debug|Any CPU
		{867237AD-51F4-4CA5-AD32-D68844CC9101}.Debug|Any CPU.Build.0 = Debug|Any CPU
		{867237AD-51F4-4CA5-AD32-D68844CC9101}.Release|Any CPU.ActiveCfg = Release|Any CPU
		{867237AD-51F4-4CA5-AD32-D68844CC9101}.Release|Any CPU.Build.0 = Release|Any CPU
		{8615556A-77E5-4A76-B54E-687EFEDFCCD7}.Debug|Any CPU.ActiveCfg = Debug|Any CPU
		{8615556A-77E5-4A76-B54E-687EFEDFCCD7}.Debug|Any CPU.Build.0 = Debug|Any CPU
		{8615556A-77E5-4A76-B54E-687EFEDFCCD7}.Release|Any CPU.ActiveCfg = Release|Any CPU
		{8615556A-77E5-4A76-B54E-687EFEDFCCD7}.Release|Any CPU.Build.0 = Release|Any CPU
	EndGlobalSection
	GlobalSection(SolutionProperties) = preSolution
		HideSolutionNode = FALSE
	EndGlobalSection
	GlobalSection(ExtensibilityGlobals) = postSolution
		SolutionGuid = {4E421D33-6945-474D-AEAF-DF5CC721435B}
	EndGlobalSection
EndGlobal
