
Microsoft Visual Studio Solution File, Format Version 12.00
# Visual Studio Version 17
VisualStudioVersion = 17.0.31903.59
MinimumVisualStudioVersion = 10.0.40219.1
Project("{FAE04EC0-301F-11D3-BF4B-00C04F79EFBC}") = "Zhaoxi.NewVision.Editor", "Zhaoxi.NewVision.Editor\Zhaoxi.NewVision.Editor.csproj", "{B75E31BE-C295-4552-ADEA-606FA72F8E80}"
EndProject
Project("{9A19103F-16F7-4668-BE54-9A1E7A4F7556}") = "Zhaoxi.NewVision.Editor.DoubleBuffered", "Zhaoxi.NewVision.Editor.DoubleBuffered\Zhaoxi.NewVision.Editor.DoubleBuffered.csproj", "{C5492719-EED9-410D-A3FC-FA2D5B01F2B2}"
EndProject
Global
	GlobalSection(SolutionConfigurationPlatforms) = preSolution
		Debug|Any CPU = Debug|Any CPU
		Release|Any CPU = Release|Any CPU
	EndGlobalSection
	GlobalSection(ProjectConfigurationPlatforms) = postSolution
		{B75E31BE-C295-4552-ADEA-606FA72F8E80}.Debug|Any CPU.ActiveCfg = Debug|Any CPU
		{B75E31BE-C295-4552-ADEA-606FA72F8E80}.Debug|Any CPU.Build.0 = Debug|Any CPU
		{B75E31BE-C295-4552-ADEA-606FA72F8E80}.Release|Any CPU.ActiveCfg = Release|Any CPU
		{B75E31BE-C295-4552-ADEA-606FA72F8E80}.Release|Any CPU.Build.0 = Release|Any CPU
		{C5492719-EED9-410D-A3FC-FA2D5B01F2B2}.Debug|Any CPU.ActiveCfg = Debug|Any CPU
		{C5492719-EED9-410D-A3FC-FA2D5B01F2B2}.Debug|Any CPU.Build.0 = Debug|Any CPU
		{C5492719-EED9-410D-A3FC-FA2D5B01F2B2}.Release|Any CPU.ActiveCfg = Release|Any CPU
		{C5492719-EED9-410D-A3FC-FA2D5B01F2B2}.Release|Any CPU.Build.0 = Release|Any CPU
	EndGlobalSection
	GlobalSection(SolutionProperties) = preSolution
		HideSolutionNode = FALSE
	EndGlobalSection
	GlobalSection(ExtensibilityGlobals) = postSolution
		SolutionGuid = {30CC74CC-168A-440E-A9C9-155A695B65A0}
	EndGlobalSection
EndGlobal
