
Microsoft Visual Studio Solution File, Format Version 12.00
# Visual Studio Version 17
VisualStudioVersion = 17.10.34928.147
MinimumVisualStudioVersion = 10.0.40219.1
Project("{9A19103F-16F7-4668-BE54-9A1E7A4F7556}") = "Zhaoxi.NewVision.Editor", "Zhaoxi.NewVision.Editor.csproj", "{A2D18EE9-CF80-4934-898C-80252DF0E66E}"
EndProject
Project("{2150E333-8FDC-42A3-9474-1A3956D46DE8}") = "01 Main", "01 Main", "{07481F4A-4D15-45EB-94E9-EC9E773AF4AE}"
EndProject
Project("{2150E333-8FDC-42A3-9474-1A3956D46DE8}") = "02 Base", "02 Base", "{C3581445-0C70-4CCB-B71A-F8660730F920}"
EndProject
Project("{2150E333-8FDC-42A3-9474-1A3956D46DE8}") = "03 Common", "03 Common", "{185ECB35-7EBA-4BF3-841D-1CBF63CC6A98}"
EndProject
Project("{2150E333-8FDC-42A3-9474-1A3956D46DE8}") = "04 Plugin", "04 Plugin", "{03BC013E-B1E7-4990-9FE3-CD68430DAA77}"
EndProject
Project("{9A19103F-16F7-4668-BE54-9A1E7A4F7556}") = "GYBase", "..\GYBase\GYBase.csproj", "{68DAC191-36EE-486D-AF8E-44F43D6E191B}"
EndProject
Project("{9A19103F-16F7-4668-BE54-9A1E7A4F7556}") = "GYPlugin.GrabImage", "..\GYPlugin.GrabImage\GYPlugin.GrabImage.csproj", "{462F49F4-54E1-4FA4-9CCC-CBB06CE8CF09}"
EndProject
Project("{2150E333-8FDC-42A3-9474-1A3956D46DE8}") = "图像采集", "图像采集", "{27E911D5-2BD6-47B6-8F5C-DCBCA743E369}"
EndProject
Project("{2150E333-8FDC-42A3-9474-1A3956D46DE8}") = "模板匹配", "模板匹配", "{43EBA495-9F94-4E6A-94E6-820523AC8550}"
EndProject
Project("{2150E333-8FDC-42A3-9474-1A3956D46DE8}") = "定位测量", "定位测量", "{07171A10-9838-4DA0-8FFB-DFDE47A50875}"
EndProject
Project("{9A19103F-16F7-4668-BE54-9A1E7A4F7556}") = "GYPlugin.CreateModel", "..\GYPlugin.CreateModel\GYPlugin.CreateModel.csproj", "{B2339D49-ADE8-4157-8E92-0480596A4E07}"
EndProject
Project("{FAE04EC0-301F-11D3-BF4B-00C04F79EFBC}") = "GYPlugin", "..\GYPlugin\GYPlugin.csproj", "{626AD8CF-497B-4B1E-A4D0-4CCE019B7070}"
EndProject
Project("{FAE04EC0-301F-11D3-BF4B-00C04F79EFBC}") = "GYPlugin.Camera", "..\GYPlugin.Camera\GYPlugin.Camera.csproj", "{B1D171D5-D3F8-4259-81C5-FE81F89BD60F}"
EndProject
Global
	GlobalSection(SolutionConfigurationPlatforms) = preSolution
		Debug|Any CPU = Debug|Any CPU
		Release|Any CPU = Release|Any CPU
	EndGlobalSection
	GlobalSection(ProjectConfigurationPlatforms) = postSolution
		{A2D18EE9-CF80-4934-898C-80252DF0E66E}.Debug|Any CPU.ActiveCfg = Debug|Any CPU
		{A2D18EE9-CF80-4934-898C-80252DF0E66E}.Debug|Any CPU.Build.0 = Debug|Any CPU
		{A2D18EE9-CF80-4934-898C-80252DF0E66E}.Release|Any CPU.ActiveCfg = Release|Any CPU
		{A2D18EE9-CF80-4934-898C-80252DF0E66E}.Release|Any CPU.Build.0 = Release|Any CPU
		{68DAC191-36EE-486D-AF8E-44F43D6E191B}.Debug|Any CPU.ActiveCfg = Debug|Any CPU
		{68DAC191-36EE-486D-AF8E-44F43D6E191B}.Debug|Any CPU.Build.0 = Debug|Any CPU
		{68DAC191-36EE-486D-AF8E-44F43D6E191B}.Release|Any CPU.ActiveCfg = Release|Any CPU
		{68DAC191-36EE-486D-AF8E-44F43D6E191B}.Release|Any CPU.Build.0 = Release|Any CPU
		{462F49F4-54E1-4FA4-9CCC-CBB06CE8CF09}.Debug|Any CPU.ActiveCfg = Debug|Any CPU
		{462F49F4-54E1-4FA4-9CCC-CBB06CE8CF09}.Debug|Any CPU.Build.0 = Debug|Any CPU
		{462F49F4-54E1-4FA4-9CCC-CBB06CE8CF09}.Release|Any CPU.ActiveCfg = Release|Any CPU
		{462F49F4-54E1-4FA4-9CCC-CBB06CE8CF09}.Release|Any CPU.Build.0 = Release|Any CPU
		{B2339D49-ADE8-4157-8E92-0480596A4E07}.Debug|Any CPU.ActiveCfg = Debug|Any CPU
		{B2339D49-ADE8-4157-8E92-0480596A4E07}.Debug|Any CPU.Build.0 = Debug|Any CPU
		{B2339D49-ADE8-4157-8E92-0480596A4E07}.Release|Any CPU.ActiveCfg = Release|Any CPU
		{B2339D49-ADE8-4157-8E92-0480596A4E07}.Release|Any CPU.Build.0 = Release|Any CPU
		{626AD8CF-497B-4B1E-A4D0-4CCE019B7070}.Debug|Any CPU.ActiveCfg = Debug|Any CPU
		{626AD8CF-497B-4B1E-A4D0-4CCE019B7070}.Debug|Any CPU.Build.0 = Debug|Any CPU
		{626AD8CF-497B-4B1E-A4D0-4CCE019B7070}.Release|Any CPU.ActiveCfg = Release|Any CPU
		{626AD8CF-497B-4B1E-A4D0-4CCE019B7070}.Release|Any CPU.Build.0 = Release|Any CPU
		{B1D171D5-D3F8-4259-81C5-FE81F89BD60F}.Debug|Any CPU.ActiveCfg = Debug|Any CPU
		{B1D171D5-D3F8-4259-81C5-FE81F89BD60F}.Debug|Any CPU.Build.0 = Debug|Any CPU
		{B1D171D5-D3F8-4259-81C5-FE81F89BD60F}.Release|Any CPU.ActiveCfg = Release|Any CPU
		{B1D171D5-D3F8-4259-81C5-FE81F89BD60F}.Release|Any CPU.Build.0 = Release|Any CPU
	EndGlobalSection
	GlobalSection(SolutionProperties) = preSolution
		HideSolutionNode = FALSE
	EndGlobalSection
	GlobalSection(NestedProjects) = preSolution
		{A2D18EE9-CF80-4934-898C-80252DF0E66E} = {07481F4A-4D15-45EB-94E9-EC9E773AF4AE}
		{68DAC191-36EE-486D-AF8E-44F43D6E191B} = {C3581445-0C70-4CCB-B71A-F8660730F920}
		{462F49F4-54E1-4FA4-9CCC-CBB06CE8CF09} = {27E911D5-2BD6-47B6-8F5C-DCBCA743E369}
		{27E911D5-2BD6-47B6-8F5C-DCBCA743E369} = {03BC013E-B1E7-4990-9FE3-CD68430DAA77}
		{43EBA495-9F94-4E6A-94E6-820523AC8550} = {03BC013E-B1E7-4990-9FE3-CD68430DAA77}
		{07171A10-9838-4DA0-8FFB-DFDE47A50875} = {03BC013E-B1E7-4990-9FE3-CD68430DAA77}
		{B2339D49-ADE8-4157-8E92-0480596A4E07} = {43EBA495-9F94-4E6A-94E6-820523AC8550}
		{626AD8CF-497B-4B1E-A4D0-4CCE019B7070} = {C3581445-0C70-4CCB-B71A-F8660730F920}
		{B1D171D5-D3F8-4259-81C5-FE81F89BD60F} = {27E911D5-2BD6-47B6-8F5C-DCBCA743E369}
	EndGlobalSection
	GlobalSection(ExtensibilityGlobals) = postSolution
		SolutionGuid = {310E5AEF-5CE8-4F35-A5CD-650355660AF2}
	EndGlobalSection
EndGlobal
