
Microsoft Visual Studio Solution File, Format Version 12.00
# Visual Studio Version 17
VisualStudioVersion = 17.9.34728.123
MinimumVisualStudioVersion = 10.0.40219.1
Project("{9A19103F-16F7-4668-BE54-9A1E7A4F7556}") = "MachineVision.TeamplateMach", "MachineVision.TeamplateMach\MachineVision.TeamplateMach.csproj", "{6BAF4DCF-2497-4008-8E90-16B74EEF09B4}"
EndProject
Project("{9A19103F-16F7-4668-BE54-9A1E7A4F7556}") = "MachineVision", "MachineVision\MachineVision.csproj", "{0AD9B745-9BC4-4882-94B6-B79B88C0A32E}"
EndProject
Project("{9A19103F-16F7-4668-BE54-9A1E7A4F7556}") = "MachineVision.Core", "MachineVision.Core\MachineVision.Core.csproj", "{5E450E88-33C0-4D1C-B017-9F0CA393A84B}"
EndProject
Project("{9A19103F-16F7-4668-BE54-9A1E7A4F7556}") = "MachineVision.Shared2", "MachineVision.Shared2\MachineVision.Shared2.csproj", "{A8289A84-39F8-4F01-941F-3475CE561F1B}"
EndProject
Project("{FAE04EC0-301F-11D3-BF4B-00C04F79EFBC}") = "MachineVision.Defect", "MachineVision.Defect\MachineVision.Defect.csproj", "{C01E9F6A-97D9-4140-9B92-14CB74573C6E}"
EndProject
Global
	GlobalSection(SolutionConfigurationPlatforms) = preSolution
		Debug|Any CPU = Debug|Any CPU
		Release|Any CPU = Release|Any CPU
	EndGlobalSection
	GlobalSection(ProjectConfigurationPlatforms) = postSolution
		{6BAF4DCF-2497-4008-8E90-16B74EEF09B4}.Debug|Any CPU.ActiveCfg = Debug|Any CPU
		{6BAF4DCF-2497-4008-8E90-16B74EEF09B4}.Debug|Any CPU.Build.0 = Debug|Any CPU
		{6BAF4DCF-2497-4008-8E90-16B74EEF09B4}.Release|Any CPU.ActiveCfg = Release|Any CPU
		{6BAF4DCF-2497-4008-8E90-16B74EEF09B4}.Release|Any CPU.Build.0 = Release|Any CPU
		{0AD9B745-9BC4-4882-94B6-B79B88C0A32E}.Debug|Any CPU.ActiveCfg = Debug|Any CPU
		{0AD9B745-9BC4-4882-94B6-B79B88C0A32E}.Debug|Any CPU.Build.0 = Debug|Any CPU
		{0AD9B745-9BC4-4882-94B6-B79B88C0A32E}.Release|Any CPU.ActiveCfg = Release|Any CPU
		{0AD9B745-9BC4-4882-94B6-B79B88C0A32E}.Release|Any CPU.Build.0 = Release|Any CPU
		{5E450E88-33C0-4D1C-B017-9F0CA393A84B}.Debug|Any CPU.ActiveCfg = Debug|Any CPU
		{5E450E88-33C0-4D1C-B017-9F0CA393A84B}.Debug|Any CPU.Build.0 = Debug|Any CPU
		{5E450E88-33C0-4D1C-B017-9F0CA393A84B}.Release|Any CPU.ActiveCfg = Release|Any CPU
		{5E450E88-33C0-4D1C-B017-9F0CA393A84B}.Release|Any CPU.Build.0 = Release|Any CPU
		{A8289A84-39F8-4F01-941F-3475CE561F1B}.Debug|Any CPU.ActiveCfg = Debug|Any CPU
		{A8289A84-39F8-4F01-941F-3475CE561F1B}.Debug|Any CPU.Build.0 = Debug|Any CPU
		{A8289A84-39F8-4F01-941F-3475CE561F1B}.Release|Any CPU.ActiveCfg = Release|Any CPU
		{A8289A84-39F8-4F01-941F-3475CE561F1B}.Release|Any CPU.Build.0 = Release|Any CPU
		{C01E9F6A-97D9-4140-9B92-14CB74573C6E}.Debug|Any CPU.ActiveCfg = Debug|Any CPU
		{C01E9F6A-97D9-4140-9B92-14CB74573C6E}.Debug|Any CPU.Build.0 = Debug|Any CPU
		{C01E9F6A-97D9-4140-9B92-14CB74573C6E}.Release|Any CPU.ActiveCfg = Release|Any CPU
		{C01E9F6A-97D9-4140-9B92-14CB74573C6E}.Release|Any CPU.Build.0 = Release|Any CPU
	EndGlobalSection
	GlobalSection(SolutionProperties) = preSolution
		HideSolutionNode = FALSE
	EndGlobalSection
	GlobalSection(ExtensibilityGlobals) = postSolution
		SolutionGuid = {7B0D4A03-785A-43C3-8F42-76CA678347B6}
	EndGlobalSection
EndGlobal
