
Microsoft Visual Studio Solution File, Format Version 12.00
# Visual Studio Version 17
VisualStudioVersion = 17.9.34728.123
MinimumVisualStudioVersion = 10.0.40219.1
Project("{9A19103F-16F7-4668-BE54-9A1E7A4F7556}") = "DragVision.Start", "DragVision.Start\DragVision.Start.csproj", "{5F843062-013A-4F05-AD34-209C7717C2FA}"
EndProject
Project("{9A19103F-16F7-4668-BE54-9A1E7A4F7556}") = "DragVision.Plugin", "DragVision.Plugin\DragVision.Plugin.csproj", "{4A969C13-14DF-45D8-8559-A901D2A0E9D4}"
EndProject
Project("{9A19103F-16F7-4668-BE54-9A1E7A4F7556}") = "DragVision.Controls", "DragVision.Controls\DragVision.Controls.csproj", "{6164AD28-55BA-4E56-9E09-2B760D2D7B41}"
EndProject
Project("{FAE04EC0-301F-11D3-BF4B-00C04F79EFBC}") = "DragVision.Shared", "DragVision.Shared\DragVision.Shared.csproj", "{601399B5-4EC9-4D43-A777-1F71AA13E6AB}"
EndProject
Global
	GlobalSection(SolutionConfigurationPlatforms) = preSolution
		Debug|Any CPU = Debug|Any CPU
		Release|Any CPU = Release|Any CPU
	EndGlobalSection
	GlobalSection(ProjectConfigurationPlatforms) = postSolution
		{5F843062-013A-4F05-AD34-209C7717C2FA}.Debug|Any CPU.ActiveCfg = Debug|Any CPU
		{5F843062-013A-4F05-AD34-209C7717C2FA}.Debug|Any CPU.Build.0 = Debug|Any CPU
		{5F843062-013A-4F05-AD34-209C7717C2FA}.Release|Any CPU.ActiveCfg = Release|Any CPU
		{5F843062-013A-4F05-AD34-209C7717C2FA}.Release|Any CPU.Build.0 = Release|Any CPU
		{4A969C13-14DF-45D8-8559-A901D2A0E9D4}.Debug|Any CPU.ActiveCfg = Debug|Any CPU
		{4A969C13-14DF-45D8-8559-A901D2A0E9D4}.Debug|Any CPU.Build.0 = Debug|Any CPU
		{4A969C13-14DF-45D8-8559-A901D2A0E9D4}.Release|Any CPU.ActiveCfg = Release|Any CPU
		{4A969C13-14DF-45D8-8559-A901D2A0E9D4}.Release|Any CPU.Build.0 = Release|Any CPU
		{6164AD28-55BA-4E56-9E09-2B760D2D7B41}.Debug|Any CPU.ActiveCfg = Debug|Any CPU
		{6164AD28-55BA-4E56-9E09-2B760D2D7B41}.Debug|Any CPU.Build.0 = Debug|Any CPU
		{6164AD28-55BA-4E56-9E09-2B760D2D7B41}.Release|Any CPU.ActiveCfg = Release|Any CPU
		{6164AD28-55BA-4E56-9E09-2B760D2D7B41}.Release|Any CPU.Build.0 = Release|Any CPU
		{601399B5-4EC9-4D43-A777-1F71AA13E6AB}.Debug|Any CPU.ActiveCfg = Debug|Any CPU
		{601399B5-4EC9-4D43-A777-1F71AA13E6AB}.Debug|Any CPU.Build.0 = Debug|Any CPU
		{601399B5-4EC9-4D43-A777-1F71AA13E6AB}.Release|Any CPU.ActiveCfg = Release|Any CPU
		{601399B5-4EC9-4D43-A777-1F71AA13E6AB}.Release|Any CPU.Build.0 = Release|Any CPU
	EndGlobalSection
	GlobalSection(SolutionProperties) = preSolution
		HideSolutionNode = FALSE
	EndGlobalSection
	GlobalSection(ExtensibilityGlobals) = postSolution
		SolutionGuid = {5A847CD8-219F-40A8-A62B-45BF60D027BC}
	EndGlobalSection
EndGlobal
